// !$*UTF8*$!
{
	archiveVersion = 1;
	classes = {
	};
	objectVersion = 50;
	objects = {

/* Begin PBXBuildFile section */
		3DE72F175C1093017A532D99 /* Pods_RxSwiftSimple.framework in Frameworks */ = {isa = PBXBuildFile; fileRef = BC6D2271396FEE0A5270948B /* Pods_RxSwiftSimple.framework */; };
		5C176B4222EFD99600ED7BAA /* ViewModels.swift in Sources */ = {isa = PBXBuildFile; fileRef = 5C176B4122EFD99600ED7BAA /* ViewModels.swift */; };
		5C176B4522EFDA0800ED7BAA /* Views.swift in Sources */ = {isa = PBXBuildFile; fileRef = 5C176B4422EFDA0800ED7BAA /* Views.swift */; };
		5C176B4D22EFDB0500ED7BAA /* Services.swift in Sources */ = {isa = PBXBuildFile; fileRef = 5C176B4C22EFDB0500ED7BAA /* Services.swift */; };
		5C5EEB19222E0DB8004E99A7 /* AppDelegate.swift in Sources */ = {isa = PBXBuildFile; fileRef = 5C5EEB18222E0DB8004E99A7 /* AppDelegate.swift */; };
		5C5EEB1B222E0DB8004E99A7 /* ViewController.swift in Sources */ = {isa = PBXBuildFile; fileRef = 5C5EEB1A222E0DB8004E99A7 /* ViewController.swift */; };
		5C5EEB1E222E0DB8004E99A7 /* Main.storyboard in Resources */ = {isa = PBXBuildFile; fileRef = 5C5EEB1C222E0DB8004E99A7 /* Main.storyboard */; };
		5C5EEB20222E0DC4004E99A7 /* Assets.xcassets in Resources */ = {isa = PBXBuildFile; fileRef = 5C5EEB1F222E0DC4004E99A7 /* Assets.xcassets */; };
		5C5EEB23222E0DC4004E99A7 /* LaunchScreen.storyboard in Resources */ = {isa = PBXBuildFile; fileRef = 5C5EEB21222E0DC4004E99A7 /* LaunchScreen.storyboard */; };
		5CCC124222F2E00900749189 /* Extensions.swift in Sources */ = {isa = PBXBuildFile; fileRef = 5CCC124122F2E00900749189 /* Extensions.swift */; };
		5CD466A422FAAD07003FC8FC /* Models.swift in Sources */ = {isa = PBXBuildFile; fileRef = 5CD466A322FAAD07003FC8FC /* Models.swift */; };
		5CD466A622FAADC0003FC8FC /* Protocols.swift in Sources */ = {isa = PBXBuildFile; fileRef = 5CD466A522FAADC0003FC8FC /* Protocols.swift */; };
		5CD466A922FAB4CB003FC8FC /* Commons.swift in Sources */ = {isa = PBXBuildFile; fileRef = 5CD466A822FAB4CB003FC8FC /* Commons.swift */; };
		5CDAB17322D867B500CD63E1 /* ExampleViewController.swift in Sources */ = {isa = PBXBuildFile; fileRef = 5CDAB17222D867B400CD63E1 /* ExampleViewController.swift */; };
		6E09F85823C5C15B00C3B4F4 /* TableViewSectionedDataSource.swift in Sources */ = {isa = PBXBuildFile; fileRef = 6E09F85723C5C15B00C3B4F4 /* TableViewSectionedDataSource.swift */; };
		6E12A9E0243B392A0064502D /* PartialUpdates.storyboard in Resources */ = {isa = PBXBuildFile; fileRef = 6E12A9DF243B392A0064502D /* PartialUpdates.storyboard */; };
		6E12A9E2243B403B0064502D /* PartialUpdatesViewController.swift in Sources */ = {isa = PBXBuildFile; fileRef = 6E12A9E1243B403B0064502D /* PartialUpdatesViewController.swift */; };
		6E2F662523964D2F0005EBCC /* Calculator.storyboard in Resources */ = {isa = PBXBuildFile; fileRef = 6E2F662423964D2F0005EBCC /* Calculator.storyboard */; };
		6E330C8323CC1E6400BB40BE /* EditingViewController.swift in Sources */ = {isa = PBXBuildFile; fileRef = 6E330C8223CC1E6400BB40BE /* EditingViewController.swift */; };
		6E330C8523CC1E8F00BB40BE /* EditingTableView.storyboard in Resources */ = {isa = PBXBuildFile; fileRef = 6E330C8423CC1E8F00BB40BE /* EditingTableView.storyboard */; };
		6E330C8723CDA47700BB40BE /* DetailViewController.swift in Sources */ = {isa = PBXBuildFile; fileRef = 6E330C8623CDA47700BB40BE /* DetailViewController.swift */; };
		6E330C8923CDA66400BB40BE /* User.swift in Sources */ = {isa = PBXBuildFile; fileRef = 6E330C8823CDA66400BB40BE /* User.swift */; };
		6E330C8B23D00E6B00BB40BE /* EditingTableViewViewModel.swift in Sources */ = {isa = PBXBuildFile; fileRef = 6E330C8A23D00E6A00BB40BE /* EditingTableViewViewModel.swift */; };
		6E330C8D23D1527900BB40BE /* UserAPI.swift in Sources */ = {isa = PBXBuildFile; fileRef = 6E330C8C23D1527900BB40BE /* UserAPI.swift */; };
		6E3459772588BDE800383EAB /* UpdatesViewModel.swift in Sources */ = {isa = PBXBuildFile; fileRef = 6E3459762588BDE800383EAB /* UpdatesViewModel.swift */; };
		6E3B07842449551D00720451 /* SectionModel.swift in Sources */ = {isa = PBXBuildFile; fileRef = 6E3B07832449551C00720451 /* SectionModel.swift */; };
		6E3B07862449557800720451 /* CollectionViewSectionedDataSource.swift in Sources */ = {isa = PBXBuildFile; fileRef = 6E3B07852449557800720451 /* CollectionViewSectionedDataSource.swift */; };
		6E3B078A2449613300720451 /* SectionedDataSource.swift in Sources */ = {isa = PBXBuildFile; fileRef = 6E3B07892449613300720451 /* SectionedDataSource.swift */; };
		6E494DA723AB142100B08D2E /* ImagePicker.storyboard in Resources */ = {isa = PBXBuildFile; fileRef = 6E494DA623AB142000B08D2E /* ImagePicker.storyboard */; };
		6E659728246AC98C008C81EC /* GitHubSearchRepositoriesState.swift in Sources */ = {isa = PBXBuildFile; fileRef = 6E659727246AC98C008C81EC /* GitHubSearchRepositoriesState.swift */; };
		6E7C2C4025188DC40097C6E0 /* DelegateProxys.swift in Sources */ = {isa = PBXBuildFile; fileRef = 6E7C2C3F25188DC40097C6E0 /* DelegateProxys.swift */; };
		6E8527B7244C9B1200788181 /* Randomizer.swift in Sources */ = {isa = PBXBuildFile; fileRef = 6E8527B6244C9B1200788181 /* Randomizer.swift */; };
		6E926C5D24BE9F12004DC63C /* GitHubSearchRepositoriesAPI.swift in Sources */ = {isa = PBXBuildFile; fileRef = 6E926C5C24BE9F12004DC63C /* GitHubSearchRepositoriesAPI.swift */; };
		6EDED7EC2456EDF8005B4717 /* BaikeAPI.swift in Sources */ = {isa = PBXBuildFile; fileRef = 6EDED7EB2456EDF8005B4717 /* BaikeAPI.swift */; };
		6EDED9362457C48C005B4717 /* Dependencies.swift in Sources */ = {isa = PBXBuildFile; fileRef = 6EDED9352457C48C005B4717 /* Dependencies.swift */; };
		6EDED93824583F2F005B4717 /* GitHubSearchRepositories.storyboard in Resources */ = {isa = PBXBuildFile; fileRef = 6EDED93724583F2F005B4717 /* GitHubSearchRepositories.storyboard */; };
		6EDED93A24583FF2005B4717 /* GitHubSearchRepositoriesViewController.swift in Sources */ = {isa = PBXBuildFile; fileRef = 6EDED93924583FF2005B4717 /* GitHubSearchRepositoriesViewController.swift */; };
		6EE0343B2456C50800DC20E2 /* WikipediaSearch.storyboard in Resources */ = {isa = PBXBuildFile; fileRef = 6EE0343A2456C50800DC20E2 /* WikipediaSearch.storyboard */; };
		6EE0343D2456C9F900DC20E2 /* WikipediaSearchViewController.swift in Sources */ = {isa = PBXBuildFile; fileRef = 6EE0343C2456C9F800DC20E2 /* WikipediaSearchViewController.swift */; };
		6EFA4BE323B3082200943616 /* PickerView.storyboard in Resources */ = {isa = PBXBuildFile; fileRef = 6EFA4BE223B3082200943616 /* PickerView.storyboard */; };
		6EFA4BE723B30BF500943616 /* ImagePickerController.swift in Sources */ = {isa = PBXBuildFile; fileRef = 6EFA4BE623B30BF500943616 /* ImagePickerController.swift */; };
		6EFA4BE923B30C4000943616 /* CalculatorViewController.swift in Sources */ = {isa = PBXBuildFile; fileRef = 6EFA4BE823B30C4000943616 /* CalculatorViewController.swift */; };
		6EFA4BEB23B30C8400943616 /* WrappersViewController.swift in Sources */ = {isa = PBXBuildFile; fileRef = 6EFA4BEA23B30C8400943616 /* WrappersViewController.swift */; };
		6EFA4BED23B30DB700943616 /* SignupDriverViewController.swift in Sources */ = {isa = PBXBuildFile; fileRef = 6EFA4BEC23B30DB700943616 /* SignupDriverViewController.swift */; };
		6EFA4BEF23B30DFB00943616 /* SignupObservableViewController.swift in Sources */ = {isa = PBXBuildFile; fileRef = 6EFA4BEE23B30DFB00943616 /* SignupObservableViewController.swift */; };
		6EFA4BF123B30E2B00943616 /* LocationViewController.swift in Sources */ = {isa = PBXBuildFile; fileRef = 6EFA4BF023B30E2B00943616 /* LocationViewController.swift */; };
		6EFA4BF323B30E8D00943616 /* ValidViewController.swift in Sources */ = {isa = PBXBuildFile; fileRef = 6EFA4BF223B30E8D00943616 /* ValidViewController.swift */; };
		6EFA4BF523B30EC500943616 /* NumbersViewController.swift in Sources */ = {isa = PBXBuildFile; fileRef = 6EFA4BF423B30EC500943616 /* NumbersViewController.swift */; };
		6EFA4BF723B30EED00943616 /* InputIValidationViewController.swift in Sources */ = {isa = PBXBuildFile; fileRef = 6EFA4BF623B30EEC00943616 /* InputIValidationViewController.swift */; };
		6EFA4BF923B30F2500943616 /* SimpleBindingViewController.swift in Sources */ = {isa = PBXBuildFile; fileRef = 6EFA4BF823B30F2500943616 /* SimpleBindingViewController.swift */; };
		6EFA4BFB23B30F4F00943616 /* ValuesViewController.swift in Sources */ = {isa = PBXBuildFile; fileRef = 6EFA4BFA23B30F4F00943616 /* ValuesViewController.swift */; };
		6EFA4BFD23B30FCB00943616 /* SimplePickerViewViewController.swift in Sources */ = {isa = PBXBuildFile; fileRef = 6EFA4BFC23B30FCB00943616 /* SimplePickerViewViewController.swift */; };
		6EFA4BFF23B4CC9800943616 /* CustomPickerViewController.swift in Sources */ = {isa = PBXBuildFile; fileRef = 6EFA4BFE23B4CC9800943616 /* CustomPickerViewController.swift */; };
		6EFC426C23C42AC9007766FC /* PickerViewViewAdapter.swift in Sources */ = {isa = PBXBuildFile; fileRef = 6EFC426B23C42AC9007766FC /* PickerViewViewAdapter.swift */; };
		6EFC426E23C474CA007766FC /* SimpleTableViewController.swift in Sources */ = {isa = PBXBuildFile; fileRef = 6EFC426D23C474CA007766FC /* SimpleTableViewController.swift */; };
		6EFC427023C474F9007766FC /* SimpleTableView.storyboard in Resources */ = {isa = PBXBuildFile; fileRef = 6EFC426F23C474F9007766FC /* SimpleTableView.storyboard */; };
		6EFC427223C48EEC007766FC /* SimpleSectionedTableViewController.swift in Sources */ = {isa = PBXBuildFile; fileRef = 6EFC427123C48EEC007766FC /* SimpleSectionedTableViewController.swift */; };
		6EFC427423C48F0D007766FC /* SimpleSectionedTableView.storyboard in Resources */ = {isa = PBXBuildFile; fileRef = 6EFC427323C48F0D007766FC /* SimpleSectionedTableView.storyboard */; };
/* End PBXBuildFile section */

/* Begin PBXFileReference section */
		2FF0A5E46B7227F598E56B10 /* Pods-RxSwiftSimple.debug.xcconfig */ = {isa = PBXFileReference; includeInIndex = 1; lastKnownFileType = text.xcconfig; name = "Pods-RxSwiftSimple.debug.xcconfig"; path = "Pods/Target Support Files/Pods-RxSwiftSimple/Pods-RxSwiftSimple.debug.xcconfig"; sourceTree = "<group>"; };
		5C176B4122EFD99600ED7BAA /* ViewModels.swift */ = {isa = PBXFileReference; lastKnownFileType = sourcecode.swift; path = ViewModels.swift; sourceTree = "<group>"; };
		5C176B4422EFDA0800ED7BAA /* Views.swift */ = {isa = PBXFileReference; lastKnownFileType = sourcecode.swift; path = Views.swift; sourceTree = "<group>"; };
		5C176B4C22EFDB0500ED7BAA /* Services.swift */ = {isa = PBXFileReference; lastKnownFileType = sourcecode.swift; path = Services.swift; sourceTree = "<group>"; };
		5C5EEB15222E0DB8004E99A7 /* RxSwiftSimple.app */ = {isa = PBXFileReference; explicitFileType = wrapper.application; includeInIndex = 0; path = RxSwiftSimple.app; sourceTree = BUILT_PRODUCTS_DIR; };
		5C5EEB18222E0DB8004E99A7 /* AppDelegate.swift */ = {isa = PBXFileReference; lastKnownFileType = sourcecode.swift; path = AppDelegate.swift; sourceTree = "<group>"; wrapsLines = 1; };
		5C5EEB1A222E0DB8004E99A7 /* ViewController.swift */ = {isa = PBXFileReference; lastKnownFileType = sourcecode.swift; path = ViewController.swift; sourceTree = "<group>"; };
		5C5EEB1D222E0DB8004E99A7 /* Base */ = {isa = PBXFileReference; lastKnownFileType = file.storyboard; name = Base; path = Base.lproj/Main.storyboard; sourceTree = "<group>"; };
		5C5EEB1F222E0DC4004E99A7 /* Assets.xcassets */ = {isa = PBXFileReference; lastKnownFileType = folder.assetcatalog; path = Assets.xcassets; sourceTree = "<group>"; };
		5C5EEB22222E0DC4004E99A7 /* Base */ = {isa = PBXFileReference; lastKnownFileType = file.storyboard; name = Base; path = Base.lproj/LaunchScreen.storyboard; sourceTree = "<group>"; };
		5C5EEB24222E0DC4004E99A7 /* Info.plist */ = {isa = PBXFileReference; lastKnownFileType = text.plist.xml; path = Info.plist; sourceTree = "<group>"; };
		5CCC124122F2E00900749189 /* Extensions.swift */ = {isa = PBXFileReference; lastKnownFileType = sourcecode.swift; path = Extensions.swift; sourceTree = "<group>"; };
		5CD466A322FAAD07003FC8FC /* Models.swift */ = {isa = PBXFileReference; fileEncoding = 4; lastKnownFileType = sourcecode.swift; path = Models.swift; sourceTree = "<group>"; };
		5CD466A522FAADC0003FC8FC /* Protocols.swift */ = {isa = PBXFileReference; lastKnownFileType = sourcecode.swift; path = Protocols.swift; sourceTree = "<group>"; };
		5CD466A822FAB4CB003FC8FC /* Commons.swift */ = {isa = PBXFileReference; lastKnownFileType = sourcecode.swift; path = Commons.swift; sourceTree = "<group>"; };
		5CDAB17222D867B400CD63E1 /* ExampleViewController.swift */ = {isa = PBXFileReference; lastKnownFileType = sourcecode.swift; path = ExampleViewController.swift; sourceTree = "<group>"; };
		6E09F85723C5C15B00C3B4F4 /* TableViewSectionedDataSource.swift */ = {isa = PBXFileReference; lastKnownFileType = sourcecode.swift; path = TableViewSectionedDataSource.swift; sourceTree = "<group>"; };
		6E12A9DF243B392A0064502D /* PartialUpdates.storyboard */ = {isa = PBXFileReference; lastKnownFileType = file.storyboard; path = PartialUpdates.storyboard; sourceTree = "<group>"; };
		6E12A9E1243B403B0064502D /* PartialUpdatesViewController.swift */ = {isa = PBXFileReference; lastKnownFileType = sourcecode.swift; path = PartialUpdatesViewController.swift; sourceTree = "<group>"; };
		6E2F662423964D2F0005EBCC /* Calculator.storyboard */ = {isa = PBXFileReference; lastKnownFileType = file.storyboard; path = Calculator.storyboard; sourceTree = "<group>"; };
		6E330C8223CC1E6400BB40BE /* EditingViewController.swift */ = {isa = PBXFileReference; lastKnownFileType = sourcecode.swift; path = EditingViewController.swift; sourceTree = "<group>"; };
		6E330C8423CC1E8F00BB40BE /* EditingTableView.storyboard */ = {isa = PBXFileReference; lastKnownFileType = file.storyboard; path = EditingTableView.storyboard; sourceTree = "<group>"; };
		6E330C8623CDA47700BB40BE /* DetailViewController.swift */ = {isa = PBXFileReference; lastKnownFileType = sourcecode.swift; path = DetailViewController.swift; sourceTree = "<group>"; };
		6E330C8823CDA66400BB40BE /* User.swift */ = {isa = PBXFileReference; lastKnownFileType = sourcecode.swift; path = User.swift; sourceTree = "<group>"; };
		6E330C8A23D00E6A00BB40BE /* EditingTableViewViewModel.swift */ = {isa = PBXFileReference; lastKnownFileType = sourcecode.swift; path = EditingTableViewViewModel.swift; sourceTree = "<group>"; };
		6E330C8C23D1527900BB40BE /* UserAPI.swift */ = {isa = PBXFileReference; lastKnownFileType = sourcecode.swift; path = UserAPI.swift; sourceTree = "<group>"; };
		6E3459762588BDE800383EAB /* UpdatesViewModel.swift */ = {isa = PBXFileReference; lastKnownFileType = sourcecode.swift; path = UpdatesViewModel.swift; sourceTree = "<group>"; };
		6E3B07832449551C00720451 /* SectionModel.swift */ = {isa = PBXFileReference; lastKnownFileType = sourcecode.swift; path = SectionModel.swift; sourceTree = "<group>"; };
		6E3B07852449557800720451 /* CollectionViewSectionedDataSource.swift */ = {isa = PBXFileReference; lastKnownFileType = sourcecode.swift; path = CollectionViewSectionedDataSource.swift; sourceTree = "<group>"; };
		6E3B07892449613300720451 /* SectionedDataSource.swift */ = {isa = PBXFileReference; lastKnownFileType = sourcecode.swift; path = SectionedDataSource.swift; sourceTree = "<group>"; };
		6E494DA623AB142000B08D2E /* ImagePicker.storyboard */ = {isa = PBXFileReference; lastKnownFileType = file.storyboard; path = ImagePicker.storyboard; sourceTree = "<group>"; };
		6E659727246AC98C008C81EC /* GitHubSearchRepositoriesState.swift */ = {isa = PBXFileReference; lastKnownFileType = sourcecode.swift; path = GitHubSearchRepositoriesState.swift; sourceTree = "<group>"; };
		6E7C2C3F25188DC40097C6E0 /* DelegateProxys.swift */ = {isa = PBXFileReference; lastKnownFileType = sourcecode.swift; path = DelegateProxys.swift; sourceTree = "<group>"; };
		6E8527B6244C9B1200788181 /* Randomizer.swift */ = {isa = PBXFileReference; lastKnownFileType = sourcecode.swift; path = Randomizer.swift; sourceTree = "<group>"; };
		6E926C5C24BE9F12004DC63C /* GitHubSearchRepositoriesAPI.swift */ = {isa = PBXFileReference; fileEncoding = 4; lastKnownFileType = sourcecode.swift; path = GitHubSearchRepositoriesAPI.swift; sourceTree = "<group>"; };
		6EDED7EB2456EDF8005B4717 /* BaikeAPI.swift */ = {isa = PBXFileReference; lastKnownFileType = sourcecode.swift; path = BaikeAPI.swift; sourceTree = "<group>"; };
		6EDED9352457C48C005B4717 /* Dependencies.swift */ = {isa = PBXFileReference; lastKnownFileType = sourcecode.swift; path = Dependencies.swift; sourceTree = "<group>"; };
		6EDED93724583F2F005B4717 /* GitHubSearchRepositories.storyboard */ = {isa = PBXFileReference; lastKnownFileType = file.storyboard; path = GitHubSearchRepositories.storyboard; sourceTree = "<group>"; };
		6EDED93924583FF2005B4717 /* GitHubSearchRepositoriesViewController.swift */ = {isa = PBXFileReference; lastKnownFileType = sourcecode.swift; path = GitHubSearchRepositoriesViewController.swift; sourceTree = "<group>"; };
		6EE0343A2456C50800DC20E2 /* WikipediaSearch.storyboard */ = {isa = PBXFileReference; lastKnownFileType = file.storyboard; path = WikipediaSearch.storyboard; sourceTree = "<group>"; };
		6EE0343C2456C9F800DC20E2 /* WikipediaSearchViewController.swift */ = {isa = PBXFileReference; lastKnownFileType = sourcecode.swift; path = WikipediaSearchViewController.swift; sourceTree = "<group>"; };
		6EFA4BE223B3082200943616 /* PickerView.storyboard */ = {isa = PBXFileReference; lastKnownFileType = file.storyboard; path = PickerView.storyboard; sourceTree = "<group>"; };
		6EFA4BE623B30BF500943616 /* ImagePickerController.swift */ = {isa = PBXFileReference; lastKnownFileType = sourcecode.swift; path = ImagePickerController.swift; sourceTree = "<group>"; };
		6EFA4BE823B30C4000943616 /* CalculatorViewController.swift */ = {isa = PBXFileReference; lastKnownFileType = sourcecode.swift; path = CalculatorViewController.swift; sourceTree = "<group>"; };
		6EFA4BEA23B30C8400943616 /* WrappersViewController.swift */ = {isa = PBXFileReference; lastKnownFileType = sourcecode.swift; path = WrappersViewController.swift; sourceTree = "<group>"; };
		6EFA4BEC23B30DB700943616 /* SignupDriverViewController.swift */ = {isa = PBXFileReference; lastKnownFileType = sourcecode.swift; path = SignupDriverViewController.swift; sourceTree = "<group>"; };
		6EFA4BEE23B30DFB00943616 /* SignupObservableViewController.swift */ = {isa = PBXFileReference; lastKnownFileType = sourcecode.swift; path = SignupObservableViewController.swift; sourceTree = "<group>"; };
		6EFA4BF023B30E2B00943616 /* LocationViewController.swift */ = {isa = PBXFileReference; lastKnownFileType = sourcecode.swift; path = LocationViewController.swift; sourceTree = "<group>"; };
		6EFA4BF223B30E8D00943616 /* ValidViewController.swift */ = {isa = PBXFileReference; lastKnownFileType = sourcecode.swift; path = ValidViewController.swift; sourceTree = "<group>"; };
		6EFA4BF423B30EC500943616 /* NumbersViewController.swift */ = {isa = PBXFileReference; lastKnownFileType = sourcecode.swift; path = NumbersViewController.swift; sourceTree = "<group>"; };
		6EFA4BF623B30EEC00943616 /* InputIValidationViewController.swift */ = {isa = PBXFileReference; lastKnownFileType = sourcecode.swift; path = InputIValidationViewController.swift; sourceTree = "<group>"; };
		6EFA4BF823B30F2500943616 /* SimpleBindingViewController.swift */ = {isa = PBXFileReference; lastKnownFileType = sourcecode.swift; path = SimpleBindingViewController.swift; sourceTree = "<group>"; };
		6EFA4BFA23B30F4F00943616 /* ValuesViewController.swift */ = {isa = PBXFileReference; lastKnownFileType = sourcecode.swift; path = ValuesViewController.swift; sourceTree = "<group>"; };
		6EFA4BFC23B30FCB00943616 /* SimplePickerViewViewController.swift */ = {isa = PBXFileReference; lastKnownFileType = sourcecode.swift; path = SimplePickerViewViewController.swift; sourceTree = "<group>"; };
		6EFA4BFE23B4CC9800943616 /* CustomPickerViewController.swift */ = {isa = PBXFileReference; lastKnownFileType = sourcecode.swift; path = CustomPickerViewController.swift; sourceTree = "<group>"; };
		6EFC426B23C42AC9007766FC /* PickerViewViewAdapter.swift */ = {isa = PBXFileReference; lastKnownFileType = sourcecode.swift; path = PickerViewViewAdapter.swift; sourceTree = "<group>"; };
		6EFC426D23C474CA007766FC /* SimpleTableViewController.swift */ = {isa = PBXFileReference; lastKnownFileType = sourcecode.swift; path = SimpleTableViewController.swift; sourceTree = "<group>"; };
		6EFC426F23C474F9007766FC /* SimpleTableView.storyboard */ = {isa = PBXFileReference; lastKnownFileType = file.storyboard; path = SimpleTableView.storyboard; sourceTree = "<group>"; };
		6EFC427123C48EEC007766FC /* SimpleSectionedTableViewController.swift */ = {isa = PBXFileReference; lastKnownFileType = sourcecode.swift; path = SimpleSectionedTableViewController.swift; sourceTree = "<group>"; };
		6EFC427323C48F0D007766FC /* SimpleSectionedTableView.storyboard */ = {isa = PBXFileReference; lastKnownFileType = file.storyboard; path = SimpleSectionedTableView.storyboard; sourceTree = "<group>"; };
		BC6D2271396FEE0A5270948B /* Pods_RxSwiftSimple.framework */ = {isa = PBXFileReference; explicitFileType = wrapper.framework; includeInIndex = 0; path = Pods_RxSwiftSimple.framework; sourceTree = BUILT_PRODUCTS_DIR; };
		D36134C8C73FFB7282AECB53 /* Pods-RxSwiftSimple.release.xcconfig */ = {isa = PBXFileReference; includeInIndex = 1; lastKnownFileType = text.xcconfig; name = "Pods-RxSwiftSimple.release.xcconfig"; path = "Pods/Target Support Files/Pods-RxSwiftSimple/Pods-RxSwiftSimple.release.xcconfig"; sourceTree = "<group>"; };
/* End PBXFileReference section */

/* Begin PBXFrameworksBuildPhase section */
		5C5EEB12222E0DB8004E99A7 /* Frameworks */ = {
			isa = PBXFrameworksBuildPhase;
			buildActionMask = 2147483647;
			files = (
				3DE72F175C1093017A532D99 /* Pods_RxSwiftSimple.framework in Frameworks */,
			);
			runOnlyForDeploymentPostprocessing = 0;
		};
/* End PBXFrameworksBuildPhase section */

/* Begin PBXGroup section */
		097710008CF9B7E7FD7F1AD2 /* Pods */ = {
			isa = PBXGroup;
			children = (
				2FF0A5E46B7227F598E56B10 /* Pods-RxSwiftSimple.debug.xcconfig */,
				D36134C8C73FFB7282AECB53 /* Pods-RxSwiftSimple.release.xcconfig */,
			);
			name = Pods;
			sourceTree = "<group>";
		};
		5C0237B5223F4917009CFAD1 /* System */ = {
			isa = PBXGroup;
			children = (
				5C5EEB18222E0DB8004E99A7 /* AppDelegate.swift */,
				5C5EEB1C222E0DB8004E99A7 /* Main.storyboard */,
				5C5EEB1F222E0DC4004E99A7 /* Assets.xcassets */,
				5C5EEB21222E0DC4004E99A7 /* LaunchScreen.storyboard */,
				5C5EEB24222E0DC4004E99A7 /* Info.plist */,
			);
			path = System;
			sourceTree = "<group>";
		};
		5C0237B6223F4936009CFAD1 /* Controller */ = {
			isa = PBXGroup;
			children = (
				5C5EEB1A222E0DB8004E99A7 /* ViewController.swift */,
				5CDAB17222D867B400CD63E1 /* ExampleViewController.swift */,
				6EFA4BFA23B30F4F00943616 /* ValuesViewController.swift */,
				6EFA4BF823B30F2500943616 /* SimpleBindingViewController.swift */,
				6EFA4BF623B30EEC00943616 /* InputIValidationViewController.swift */,
				6EFA4BF423B30EC500943616 /* NumbersViewController.swift */,
				6EFA4BF223B30E8D00943616 /* ValidViewController.swift */,
				6EFA4BEE23B30DFB00943616 /* SignupObservableViewController.swift */,
				6EFA4BEC23B30DB700943616 /* SignupDriverViewController.swift */,
				6EFA4BEA23B30C8400943616 /* WrappersViewController.swift */,
				6EFA4BE823B30C4000943616 /* CalculatorViewController.swift */,
				6E2F662423964D2F0005EBCC /* Calculator.storyboard */,
				6EFA4BF023B30E2B00943616 /* LocationViewController.swift */,
				6EFA4BE623B30BF500943616 /* ImagePickerController.swift */,
				6E494DA623AB142000B08D2E /* ImagePicker.storyboard */,
				6EFA4BFC23B30FCB00943616 /* SimplePickerViewViewController.swift */,
				6EFA4BFE23B4CC9800943616 /* CustomPickerViewController.swift */,
				6EFA4BE223B3082200943616 /* PickerView.storyboard */,
				6EFC426D23C474CA007766FC /* SimpleTableViewController.swift */,
				6EFC426F23C474F9007766FC /* SimpleTableView.storyboard */,
				6EFC427123C48EEC007766FC /* SimpleSectionedTableViewController.swift */,
				6EFC427323C48F0D007766FC /* SimpleSectionedTableView.storyboard */,
				6E330C8223CC1E6400BB40BE /* EditingViewController.swift */,
				6E330C8623CDA47700BB40BE /* DetailViewController.swift */,
				6E330C8423CC1E8F00BB40BE /* EditingTableView.storyboard */,
				6E12A9E1243B403B0064502D /* PartialUpdatesViewController.swift */,
				6E12A9DF243B392A0064502D /* PartialUpdates.storyboard */,
				6EE0343C2456C9F800DC20E2 /* WikipediaSearchViewController.swift */,
				6EE0343A2456C50800DC20E2 /* WikipediaSearch.storyboard */,
				6EDED93924583FF2005B4717 /* GitHubSearchRepositoriesViewController.swift */,
				6EDED93724583F2F005B4717 /* GitHubSearchRepositories.storyboard */,
			);
			path = Controller;
			sourceTree = "<group>";
		};
		5C176B4022EFD96700ED7BAA /* ViewModel */ = {
			isa = PBXGroup;
			children = (
				5C176B4122EFD99600ED7BAA /* ViewModels.swift */,
				6E330C8A23D00E6A00BB40BE /* EditingTableViewViewModel.swift */,
				6E3459762588BDE800383EAB /* UpdatesViewModel.swift */,
			);
			path = ViewModel;
			sourceTree = "<group>";
		};
		5C176B4322EFD9F600ED7BAA /* View */ = {
			isa = PBXGroup;
			children = (
				5C176B4422EFDA0800ED7BAA /* Views.swift */,
			);
			path = View;
			sourceTree = "<group>";
		};
		5C176B4922EFDAF500ED7BAA /* Service */ = {
			isa = PBXGroup;
			children = (
				5C176B4C22EFDB0500ED7BAA /* Services.swift */,
				6E330C8C23D1527900BB40BE /* UserAPI.swift */,
				6EDED7EB2456EDF8005B4717 /* BaikeAPI.swift */,
				6E926C5C24BE9F12004DC63C /* GitHubSearchRepositoriesAPI.swift */,
			);
			path = Service;
			sourceTree = "<group>";
		};
		5C5EEB0C222E0DB8004E99A7 = {
			isa = PBXGroup;
			children = (
				5C5EEB17222E0DB8004E99A7 /* RxSwiftSimple */,
				5C5EEB16222E0DB8004E99A7 /* Products */,
				097710008CF9B7E7FD7F1AD2 /* Pods */,
				8AF03387C4996D0299B78E67 /* Frameworks */,
			);
			sourceTree = "<group>";
		};
		5C5EEB16222E0DB8004E99A7 /* Products */ = {
			isa = PBXGroup;
			children = (
				5C5EEB15222E0DB8004E99A7 /* RxSwiftSimple.app */,
			);
			name = Products;
			sourceTree = "<group>";
		};
		5C5EEB17222E0DB8004E99A7 /* RxSwiftSimple */ = {
			isa = PBXGroup;
			children = (
				5CD466A722FAB4C0003FC8FC /* Commons */,
				5CD466A222FAAD07003FC8FC /* Models */,
				5CD4669E22FAACB1003FC8FC /* Protocols */,
				5CCC123E22F2D88E00749189 /* Extension */,
				5C176B4922EFDAF500ED7BAA /* Service */,
				5C176B4322EFD9F600ED7BAA /* View */,
				5C176B4022EFD96700ED7BAA /* ViewModel */,
				5C0237B6223F4936009CFAD1 /* Controller */,
				5C0237B5223F4917009CFAD1 /* System */,
			);
			path = RxSwiftSimple;
			sourceTree = "<group>";
		};
		5CCC123E22F2D88E00749189 /* Extension */ = {
			isa = PBXGroup;
			children = (
				5CCC124122F2E00900749189 /* Extensions.swift */,
			);
			path = Extension;
			sourceTree = "<group>";
		};
		5CD4669E22FAACB1003FC8FC /* Protocols */ = {
			isa = PBXGroup;
			children = (
				5CD466A522FAADC0003FC8FC /* Protocols.swift */,
			);
			path = Protocols;
			sourceTree = "<group>";
		};
		5CD466A222FAAD07003FC8FC /* Models */ = {
			isa = PBXGroup;
			children = (
				5CD466A322FAAD07003FC8FC /* Models.swift */,
				6EFC426B23C42AC9007766FC /* PickerViewViewAdapter.swift */,
				6E3B07832449551C00720451 /* SectionModel.swift */,
				6E3B07892449613300720451 /* SectionedDataSource.swift */,
				6E09F85723C5C15B00C3B4F4 /* TableViewSectionedDataSource.swift */,
				6E3B07852449557800720451 /* CollectionViewSectionedDataSource.swift */,
				6E330C8823CDA66400BB40BE /* User.swift */,
				6E8527B6244C9B1200788181 /* Randomizer.swift */,
				6EDED9352457C48C005B4717 /* Dependencies.swift */,
				6E659727246AC98C008C81EC /* GitHubSearchRepositoriesState.swift */,
				6E7C2C3F25188DC40097C6E0 /* DelegateProxys.swift */,
			);
			path = Models;
			sourceTree = "<group>";
		};
		5CD466A722FAB4C0003FC8FC /* Commons */ = {
			isa = PBXGroup;
			children = (
				5CD466A822FAB4CB003FC8FC /* Commons.swift */,
			);
			path = Commons;
			sourceTree = "<group>";
		};
		8AF03387C4996D0299B78E67 /* Frameworks */ = {
			isa = PBXGroup;
			children = (
				BC6D2271396FEE0A5270948B /* Pods_RxSwiftSimple.framework */,
			);
			name = Frameworks;
			sourceTree = "<group>";
		};
/* End PBXGroup section */

/* Begin PBXNativeTarget section */
		5C5EEB14222E0DB8004E99A7 /* RxSwiftSimple */ = {
			isa = PBXNativeTarget;
			buildConfigurationList = 5C5EEB27222E0DC4004E99A7 /* Build configuration list for PBXNativeTarget "RxSwiftSimple" */;
			buildPhases = (
				217462972A86C50DC5E7B81F /* [CP] Check Pods Manifest.lock */,
				5C5EEB11222E0DB8004E99A7 /* Sources */,
				5C5EEB12222E0DB8004E99A7 /* Frameworks */,
				5C5EEB13222E0DB8004E99A7 /* Resources */,
				F90B6B4EE06E690C66800D82 /* [CP] Embed Pods Frameworks */,
			);
			buildRules = (
			);
			dependencies = (
			);
			name = RxSwiftSimple;
			productName = RxSwiftSimple;
			productReference = 5C5EEB15222E0DB8004E99A7 /* RxSwiftSimple.app */;
			productType = "com.apple.product-type.application";
		};
/* End PBXNativeTarget section */

/* Begin PBXProject section */
		5C5EEB0D222E0DB8004E99A7 /* Project object */ = {
			isa = PBXProject;
			attributes = {
				LastSwiftUpdateCheck = 1010;
				LastUpgradeCheck = 1010;
				ORGANIZATIONNAME = QSP;
				TargetAttributes = {
					5C5EEB14222E0DB8004E99A7 = {
						CreatedOnToolsVersion = 10.1;
					};
				};
			};
			buildConfigurationList = 5C5EEB10222E0DB8004E99A7 /* Build configuration list for PBXProject "RxSwiftSimple" */;
			compatibilityVersion = "Xcode 9.3";
			developmentRegion = en;
			hasScannedForEncodings = 0;
			knownRegions = (
				en,
				Base,
			);
			mainGroup = 5C5EEB0C222E0DB8004E99A7;
			productRefGroup = 5C5EEB16222E0DB8004E99A7 /* Products */;
			projectDirPath = "";
			projectRoot = "";
			targets = (
				5C5EEB14222E0DB8004E99A7 /* RxSwiftSimple */,
			);
		};
/* End PBXProject section */

/* Begin PBXResourcesBuildPhase section */
		5C5EEB13222E0DB8004E99A7 /* Resources */ = {
			isa = PBXResourcesBuildPhase;
			buildActionMask = 2147483647;
			files = (
				6E330C8523CC1E8F00BB40BE /* EditingTableView.storyboard in Resources */,
				5C5EEB23222E0DC4004E99A7 /* LaunchScreen.storyboard in Resources */,
				6EFA4BE323B3082200943616 /* PickerView.storyboard in Resources */,
				6E12A9E0243B392A0064502D /* PartialUpdates.storyboard in Resources */,
				5C5EEB20222E0DC4004E99A7 /* Assets.xcassets in Resources */,
				6E2F662523964D2F0005EBCC /* Calculator.storyboard in Resources */,
				6EFC427023C474F9007766FC /* SimpleTableView.storyboard in Resources */,
				6EDED93824583F2F005B4717 /* GitHubSearchRepositories.storyboard in Resources */,
				6EFC427423C48F0D007766FC /* SimpleSectionedTableView.storyboard in Resources */,
				5C5EEB1E222E0DB8004E99A7 /* Main.storyboard in Resources */,
				6EE0343B2456C50800DC20E2 /* WikipediaSearch.storyboard in Resources */,
				6E494DA723AB142100B08D2E /* ImagePicker.storyboard in Resources */,
			);
			runOnlyForDeploymentPostprocessing = 0;
		};
/* End PBXResourcesBuildPhase section */

/* Begin PBXShellScriptBuildPhase section */
		217462972A86C50DC5E7B81F /* [CP] Check Pods Manifest.lock */ = {
			isa = PBXShellScriptBuildPhase;
			buildActionMask = 2147483647;
			files = (
			);
			inputFileListPaths = (
			);
			inputPaths = (
				"${PODS_PODFILE_DIR_PATH}/Podfile.lock",
				"${PODS_ROOT}/Manifest.lock",
			);
			name = "[CP] Check Pods Manifest.lock";
			outputFileListPaths = (
			);
			outputPaths = (
				"$(DERIVED_FILE_DIR)/Pods-RxSwiftSimple-checkManifestLockResult.txt",
			);
			runOnlyForDeploymentPostprocessing = 0;
			shellPath = /bin/sh;
			shellScript = "diff \"${PODS_PODFILE_DIR_PATH}/Podfile.lock\" \"${PODS_ROOT}/Manifest.lock\" > /dev/null\nif [ $? != 0 ] ; then\n    # print error to STDERR\n    echo \"error: The sandbox is not in sync with the Podfile.lock. Run 'pod install' or update your CocoaPods installation.\" >&2\n    exit 1\nfi\n# This output is used by Xcode 'outputs' to avoid re-running this script phase.\necho \"SUCCESS\" > \"${SCRIPT_OUTPUT_FILE_0}\"\n";
			showEnvVarsInLog = 0;
		};
		F90B6B4EE06E690C66800D82 /* [CP] Embed Pods Frameworks */ = {
			isa = PBXShellScriptBuildPhase;
			buildActionMask = 2147483647;
			files = (
			);
			inputFileListPaths = (
			);
			inputPaths = (
				"${SRCROOT}/Pods/Target Support Files/Pods-RxSwiftSimple/Pods-RxSwiftSimple-frameworks.sh",
				"${BUILT_PRODUCTS_DIR}/NVActivityIndicatorView/NVActivityIndicatorView.framework",
				"${BUILT_PRODUCTS_DIR}/RxCocoa/RxCocoa.framework",
				"${BUILT_PRODUCTS_DIR}/RxRelay/RxRelay.framework",
				"${BUILT_PRODUCTS_DIR}/RxSwift/RxSwift.framework",
				"${BUILT_PRODUCTS_DIR}/SnapKit/SnapKit.framework",
			);
			name = "[CP] Embed Pods Frameworks";
			outputFileListPaths = (
			);
			outputPaths = (
				"${TARGET_BUILD_DIR}/${FRAMEWORKS_FOLDER_PATH}/NVActivityIndicatorView.framework",
				"${TARGET_BUILD_DIR}/${FRAMEWORKS_FOLDER_PATH}/RxCocoa.framework",
				"${TARGET_BUILD_DIR}/${FRAMEWORKS_FOLDER_PATH}/RxRelay.framework",
				"${TARGET_BUILD_DIR}/${FRAMEWORKS_FOLDER_PATH}/RxSwift.framework",
				"${TARGET_BUILD_DIR}/${FRAMEWORKS_FOLDER_PATH}/SnapKit.framework",
			);
			runOnlyForDeploymentPostprocessing = 0;
			shellPath = /bin/sh;
			shellScript = "\"${SRCROOT}/Pods/Target Support Files/Pods-RxSwiftSimple/Pods-RxSwiftSimple-frameworks.sh\"\n";
			showEnvVarsInLog = 0;
		};
/* End PBXShellScriptBuildPhase section */

/* Begin PBXSourcesBuildPhase section */
		5C5EEB11222E0DB8004E99A7 /* Sources */ = {
			isa = PBXSourcesBuildPhase;
			buildActionMask = 2147483647;
			files = (
				6EFA4BFB23B30F4F00943616 /* ValuesViewController.swift in Sources */,
				6EFA4BF923B30F2500943616 /* SimpleBindingViewController.swift in Sources */,
				6E330C8D23D1527900BB40BE /* UserAPI.swift in Sources */,
				5C5EEB1B222E0DB8004E99A7 /* ViewController.swift in Sources */,
				6E926C5D24BE9F12004DC63C /* GitHubSearchRepositoriesAPI.swift in Sources */,
				5C5EEB19222E0DB8004E99A7 /* AppDelegate.swift in Sources */,
				6E330C8923CDA66400BB40BE /* User.swift in Sources */,
				6EFC426C23C42AC9007766FC /* PickerViewViewAdapter.swift in Sources */,
				6EDED7EC2456EDF8005B4717 /* BaikeAPI.swift in Sources */,
				5C176B4522EFDA0800ED7BAA /* Views.swift in Sources */,
				5CCC124222F2E00900749189 /* Extensions.swift in Sources */,
				6EFC427223C48EEC007766FC /* SimpleSectionedTableViewController.swift in Sources */,
				6E659728246AC98C008C81EC /* GitHubSearchRepositoriesState.swift in Sources */,
				6EDED93A24583FF2005B4717 /* GitHubSearchRepositoriesViewController.swift in Sources */,
				6EFA4BF123B30E2B00943616 /* LocationViewController.swift in Sources */,
				6E3459772588BDE800383EAB /* UpdatesViewModel.swift in Sources */,
				6EE0343D2456C9F900DC20E2 /* WikipediaSearchViewController.swift in Sources */,
				5C176B4D22EFDB0500ED7BAA /* Services.swift in Sources */,
				5CD466A622FAADC0003FC8FC /* Protocols.swift in Sources */,
				6E12A9E2243B403B0064502D /* PartialUpdatesViewController.swift in Sources */,
				6E7C2C4025188DC40097C6E0 /* DelegateProxys.swift in Sources */,
				6E3B07862449557800720451 /* CollectionViewSectionedDataSource.swift in Sources */,
				6EFA4BF323B30E8D00943616 /* ValidViewController.swift in Sources */,
				6E330C8B23D00E6B00BB40BE /* EditingTableViewViewModel.swift in Sources */,
				5C176B4222EFD99600ED7BAA /* ViewModels.swift in Sources */,
				6EFA4BE723B30BF500943616 /* ImagePickerController.swift in Sources */,
				6E3B078A2449613300720451 /* SectionedDataSource.swift in Sources */,
				6EFA4BF523B30EC500943616 /* NumbersViewController.swift in Sources */,
				6EFA4BED23B30DB700943616 /* SignupDriverViewController.swift in Sources */,
				6EFA4BEF23B30DFB00943616 /* SignupObservableViewController.swift in Sources */,
				5CDAB17322D867B500CD63E1 /* ExampleViewController.swift in Sources */,
				6E8527B7244C9B1200788181 /* Randomizer.swift in Sources */,
				6EFA4BF723B30EED00943616 /* InputIValidationViewController.swift in Sources */,
				6E330C8323CC1E6400BB40BE /* EditingViewController.swift in Sources */,
				6EFC426E23C474CA007766FC /* SimpleTableViewController.swift in Sources */,
				6EFA4BEB23B30C8400943616 /* WrappersViewController.swift in Sources */,
				6EFA4BE923B30C4000943616 /* CalculatorViewController.swift in Sources */,
				6EDED9362457C48C005B4717 /* Dependencies.swift in Sources */,
				5CD466A922FAB4CB003FC8FC /* Commons.swift in Sources */,
				6EFA4BFD23B30FCB00943616 /* SimplePickerViewViewController.swift in Sources */,
				6E09F85823C5C15B00C3B4F4 /* TableViewSectionedDataSource.swift in Sources */,
				6E330C8723CDA47700BB40BE /* DetailViewController.swift in Sources */,
				6EFA4BFF23B4CC9800943616 /* CustomPickerViewController.swift in Sources */,
				6E3B07842449551D00720451 /* SectionModel.swift in Sources */,
				5CD466A422FAAD07003FC8FC /* Models.swift in Sources */,
			);
			runOnlyForDeploymentPostprocessing = 0;
		};
/* End PBXSourcesBuildPhase section */

/* Begin PBXVariantGroup section */
		5C5EEB1C222E0DB8004E99A7 /* Main.storyboard */ = {
			isa = PBXVariantGroup;
			children = (
				5C5EEB1D222E0DB8004E99A7 /* Base */,
			);
			name = Main.storyboard;
			sourceTree = "<group>";
		};
		5C5EEB21222E0DC4004E99A7 /* LaunchScreen.storyboard */ = {
			isa = PBXVariantGroup;
			children = (
				5C5EEB22222E0DC4004E99A7 /* Base */,
			);
			name = LaunchScreen.storyboard;
			sourceTree = "<group>";
		};
/* End PBXVariantGroup section */

/* Begin XCBuildConfiguration section */
		5C5EEB25222E0DC4004E99A7 /* Debug */ = {
			isa = XCBuildConfiguration;
			buildSettings = {
				ALWAYS_SEARCH_USER_PATHS = NO;
				CLANG_ANALYZER_NONNULL = YES;
				CLANG_ANALYZER_NUMBER_OBJECT_CONVERSION = YES_AGGRESSIVE;
				CLANG_CXX_LANGUAGE_STANDARD = "gnu++14";
				CLANG_CXX_LIBRARY = "libc++";
				CLANG_ENABLE_MODULES = YES;
				CLANG_ENABLE_OBJC_ARC = YES;
				CLANG_ENABLE_OBJC_WEAK = YES;
				CLANG_WARN_BLOCK_CAPTURE_AUTORELEASING = YES;
				CLANG_WARN_BOOL_CONVERSION = YES;
				CLANG_WARN_COMMA = YES;
				CLANG_WARN_CONSTANT_CONVERSION = YES;
				CLANG_WARN_DEPRECATED_OBJC_IMPLEMENTATIONS = YES;
				CLANG_WARN_DIRECT_OBJC_ISA_USAGE = YES_ERROR;
				CLANG_WARN_DOCUMENTATION_COMMENTS = YES;
				CLANG_WARN_EMPTY_BODY = YES;
				CLANG_WARN_ENUM_CONVERSION = YES;
				CLANG_WARN_INFINITE_RECURSION = YES;
				CLANG_WARN_INT_CONVERSION = YES;
				CLANG_WARN_NON_LITERAL_NULL_CONVERSION = YES;
				CLANG_WARN_OBJC_IMPLICIT_RETAIN_SELF = YES;
				CLANG_WARN_OBJC_LITERAL_CONVERSION = YES;
				CLANG_WARN_OBJC_ROOT_CLASS = YES_ERROR;
				CLANG_WARN_RANGE_LOOP_ANALYSIS = YES;
				CLANG_WARN_STRICT_PROTOTYPES = YES;
				CLANG_WARN_SUSPICIOUS_MOVE = YES;
				CLANG_WARN_UNGUARDED_AVAILABILITY = YES_AGGRESSIVE;
				CLANG_WARN_UNREACHABLE_CODE = YES;
				CLANG_WARN__DUPLICATE_METHOD_MATCH = YES;
				CODE_SIGN_IDENTITY = "iPhone Developer";
				COPY_PHASE_STRIP = NO;
				DEBUG_INFORMATION_FORMAT = dwarf;
				ENABLE_STRICT_OBJC_MSGSEND = YES;
				ENABLE_TESTABILITY = YES;
				GCC_C_LANGUAGE_STANDARD = gnu11;
				GCC_DYNAMIC_NO_PIC = NO;
				GCC_NO_COMMON_BLOCKS = YES;
				GCC_OPTIMIZATION_LEVEL = 0;
				GCC_PREPROCESSOR_DEFINITIONS = (
					"DEBUG=1",
					"$(inherited)",
				);
				GCC_WARN_64_TO_32_BIT_CONVERSION = YES;
				GCC_WARN_ABOUT_RETURN_TYPE = YES_ERROR;
				GCC_WARN_UNDECLARED_SELECTOR = YES;
				GCC_WARN_UNINITIALIZED_AUTOS = YES_AGGRESSIVE;
				GCC_WARN_UNUSED_FUNCTION = YES;
				GCC_WARN_UNUSED_VARIABLE = YES;
				IPHONEOS_DEPLOYMENT_TARGET = 12.1;
				MTL_ENABLE_DEBUG_INFO = INCLUDE_SOURCE;
				MTL_FAST_MATH = YES;
				ONLY_ACTIVE_ARCH = YES;
				SDKROOT = iphoneos;
				SWIFT_ACTIVE_COMPILATION_CONDITIONS = DEBUG;
				SWIFT_OPTIMIZATION_LEVEL = "-Onone";
			};
			name = Debug;
		};
		5C5EEB26222E0DC4004E99A7 /* Release */ = {
			isa = XCBuildConfiguration;
			buildSettings = {
				ALWAYS_SEARCH_USER_PATHS = NO;
				CLANG_ANALYZER_NONNULL = YES;
				CLANG_ANALYZER_NUMBER_OBJECT_CONVERSION = YES_AGGRESSIVE;
				CLANG_CXX_LANGUAGE_STANDARD = "gnu++14";
				CLANG_CXX_LIBRARY = "libc++";
				CLANG_ENABLE_MODULES = YES;
				CLANG_ENABLE_OBJC_ARC = YES;
				CLANG_ENABLE_OBJC_WEAK = YES;
				CLANG_WARN_BLOCK_CAPTURE_AUTORELEASING = YES;
				CLANG_WARN_BOOL_CONVERSION = YES;
				CLANG_WARN_COMMA = YES;
				CLANG_WARN_CONSTANT_CONVERSION = YES;
				CLANG_WARN_DEPRECATED_OBJC_IMPLEMENTATIONS = YES;
				CLANG_WARN_DIRECT_OBJC_ISA_USAGE = YES_ERROR;
				CLANG_WARN_DOCUMENTATION_COMMENTS = YES;
				CLANG_WARN_EMPTY_BODY = YES;
				CLANG_WARN_ENUM_CONVERSION = YES;
				CLANG_WARN_INFINITE_RECURSION = YES;
				CLANG_WARN_INT_CONVERSION = YES;
				CLANG_WARN_NON_LITERAL_NULL_CONVERSION = YES;
				CLANG_WARN_OBJC_IMPLICIT_RETAIN_SELF = YES;
				CLANG_WARN_OBJC_LITERAL_CONVERSION = YES;
				CLANG_WARN_OBJC_ROOT_CLASS = YES_ERROR;
				CLANG_WARN_RANGE_LOOP_ANALYSIS = YES;
				CLANG_WARN_STRICT_PROTOTYPES = YES;
				CLANG_WARN_SUSPICIOUS_MOVE = YES;
				CLANG_WARN_UNGUARDED_AVAILABILITY = YES_AGGRESSIVE;
				CLANG_WARN_UNREACHABLE_CODE = YES;
				CLANG_WARN__DUPLICATE_METHOD_MATCH = YES;
				CODE_SIGN_IDENTITY = "iPhone Developer";
				COPY_PHASE_STRIP = NO;
				DEBUG_INFORMATION_FORMAT = "dwarf-with-dsym";
				ENABLE_NS_ASSERTIONS = NO;
				ENABLE_STRICT_OBJC_MSGSEND = YES;
				GCC_C_LANGUAGE_STANDARD = gnu11;
				GCC_NO_COMMON_BLOCKS = YES;
				GCC_WARN_64_TO_32_BIT_CONVERSION = YES;
				GCC_WARN_ABOUT_RETURN_TYPE = YES_ERROR;
				GCC_WARN_UNDECLARED_SELECTOR = YES;
				GCC_WARN_UNINITIALIZED_AUTOS = YES_AGGRESSIVE;
				GCC_WARN_UNUSED_FUNCTION = YES;
				GCC_WARN_UNUSED_VARIABLE = YES;
				IPHONEOS_DEPLOYMENT_TARGET = 12.1;
				MTL_ENABLE_DEBUG_INFO = NO;
				MTL_FAST_MATH = YES;
				ONLY_ACTIVE_ARCH = NO;
				SDKROOT = iphoneos;
				SWIFT_COMPILATION_MODE = wholemodule;
				SWIFT_OPTIMIZATION_LEVEL = "-O";
				VALIDATE_PRODUCT = YES;
			};
			name = Release;
		};
		5C5EEB28222E0DC4004E99A7 /* Debug */ = {
			isa = XCBuildConfiguration;
			baseConfigurationReference = 2FF0A5E46B7227F598E56B10 /* Pods-RxSwiftSimple.debug.xcconfig */;
			buildSettings = {
				ASSETCATALOG_COMPILER_APPICON_NAME = AppIcon;
				CODE_SIGN_STYLE = Automatic;
				DEVELOPMENT_TEAM = XCL3BJXWK5;
				INFOPLIST_FILE = RxSwiftSimple/System/Info.plist;
				LD_RUNPATH_SEARCH_PATHS = (
					"$(inherited)",
					"@executable_path/Frameworks",
				);
				OTHER_SWIFT_FLAGS = "$(inherited) \"-D\" \"COCOAPODS\"";
				PRODUCT_BUNDLE_IDENTIFIER = com.iapppay.RxSwiftSimple;
				PRODUCT_NAME = "$(TARGET_NAME)";
				SWIFT_OPTIMIZATION_LEVEL = "-Onone";
				SWIFT_VERSION = 4.2;
				TARGETED_DEVICE_FAMILY = "1,2";
			};
			name = Debug;
		};
		5C5EEB29222E0DC4004E99A7 /* Release */ = {
			isa = XCBuildConfiguration;
			baseConfigurationReference = D36134C8C73FFB7282AECB53 /* Pods-RxSwiftSimple.release.xcconfig */;
			buildSettings = {
				ASSETCATALOG_COMPILER_APPICON_NAME = AppIcon;
				CODE_SIGN_STYLE = Automatic;
				DEVELOPMENT_TEAM = XCL3BJXWK5;
				INFOPLIST_FILE = RxSwiftSimple/System/Info.plist;
				LD_RUNPATH_SEARCH_PATHS = (
					"$(inherited)",
					"@executable_path/Frameworks",
				);
				PRODUCT_BUNDLE_IDENTIFIER = com.iapppay.RxSwiftSimple;
				PRODUCT_NAME = "$(TARGET_NAME)";
				SWIFT_OPTIMIZATION_LEVEL = "-O";
				SWIFT_VERSION = 4.2;
				TARGETED_DEVICE_FAMILY = "1,2";
			};
			name = Release;
		};
/* End XCBuildConfiguration section */

/* Begin XCConfigurationList section */
		5C5EEB10222E0DB8004E99A7 /* Build configuration list for PBXProject "RxSwiftSimple" */ = {
			isa = XCConfigurationList;
			buildConfigurations = (
				5C5EEB25222E0DC4004E99A7 /* Debug */,
				5C5EEB26222E0DC4004E99A7 /* Release */,
			);
			defaultConfigurationIsVisible = 0;
			defaultConfigurationName = Release;
		};
		5C5EEB27222E0DC4004E99A7 /* Build configuration list for PBXNativeTarget "RxSwiftSimple" */ = {
			isa = XCConfigurationList;
			buildConfigurations = (
				5C5EEB28222E0DC4004E99A7 /* Debug */,
				5C5EEB29222E0DC4004E99A7 /* Release */,
			);
			defaultConfigurationIsVisible = 0;
			defaultConfigurationName = Release;
		};
/* End XCConfigurationList section */
	};
	rootObject = 5C5EEB0D222E0DB8004E99A7 /* Project object */;
}
