// !$*UTF8*$!
{
	archiveVersion = 1;
	classes = {
	};
	objectVersion = 50;
	objects = {

/* Begin PBXBuildFile section */
		3DE72F175C1093017A532D99 /* Pods_RxSwiftSimple.framework in Frameworks */ = {isa = PBXBuildFile; fileRef = BC6D2271396FEE0A5270948B /* Pods_RxSwiftSimple.framework */; };
		5C5EEB19222E0DB8004E99A7 /* AppDelegate.swift in Sources */ = {isa = PBXBuildFile; fileRef = 5C5EEB18222E0DB8004E99A7 /* AppDelegate.swift */; };
		5C5EEB1B222E0DB8004E99A7 /* ViewController.swift in Sources */ = {isa = PBXBuildFile; fileRef = 5C5EEB1A222E0DB8004E99A7 /* ViewController.swift */; };
		5C5EEB1E222E0DB8004E99A7 /* Main.storyboard in Resources */ = {isa = PBXBuildFile; fileRef = 5C5EEB1C222E0DB8004E99A7 /* Main.storyboard */; };
		5C5EEB20222E0DC4004E99A7 /* Assets.xcassets in Resources */ = {isa = PBXBuildFile; fileRef = 5C5EEB1F222E0DC4004E99A7 /* Assets.xcassets */; };
		5C5EEB23222E0DC4004E99A7 /* LaunchScreen.storyboard in Resources */ = {isa = PBXBuildFile; fileRef = 5C5EEB21222E0DC4004E99A7 /* LaunchScreen.storyboard */; };
		5CDAB16E22D4C3FD00CD63E1 /* UsageViewController.swift in Sources */ = {isa = PBXBuildFile; fileRef = 5CDAB16D22D4C3FC00CD63E1 /* UsageViewController.swift */; };
		5CDAB17322D867B500CD63E1 /* ExampleViewController.swift in Sources */ = {isa = PBXBuildFile; fileRef = 5CDAB17222D867B400CD63E1 /* ExampleViewController.swift */; };
/* End PBXBuildFile section */

/* Begin PBXFileReference section */
		2FF0A5E46B7227F598E56B10 /* Pods-RxSwiftSimple.debug.xcconfig */ = {isa = PBXFileReference; includeInIndex = 1; lastKnownFileType = text.xcconfig; name = "Pods-RxSwiftSimple.debug.xcconfig"; path = "Pods/Target Support Files/Pods-RxSwiftSimple/Pods-RxSwiftSimple.debug.xcconfig"; sourceTree = "<group>"; };
		5C5EEB15222E0DB8004E99A7 /* RxSwiftSimple.app */ = {isa = PBXFileReference; explicitFileType = wrapper.application; includeInIndex = 0; path = RxSwiftSimple.app; sourceTree = BUILT_PRODUCTS_DIR; };
		5C5EEB18222E0DB8004E99A7 /* AppDelegate.swift */ = {isa = PBXFileReference; lastKnownFileType = sourcecode.swift; path = AppDelegate.swift; sourceTree = "<group>"; };
		5C5EEB1A222E0DB8004E99A7 /* ViewController.swift */ = {isa = PBXFileReference; lastKnownFileType = sourcecode.swift; path = ViewController.swift; sourceTree = "<group>"; };
		5C5EEB1D222E0DB8004E99A7 /* Base */ = {isa = PBXFileReference; lastKnownFileType = file.storyboard; name = Base; path = Base.lproj/Main.storyboard; sourceTree = "<group>"; };
		5C5EEB1F222E0DC4004E99A7 /* Assets.xcassets */ = {isa = PBXFileReference; lastKnownFileType = folder.assetcatalog; path = Assets.xcassets; sourceTree = "<group>"; };
		5C5EEB22222E0DC4004E99A7 /* Base */ = {isa = PBXFileReference; lastKnownFileType = file.storyboard; name = Base; path = Base.lproj/LaunchScreen.storyboard; sourceTree = "<group>"; };
		5C5EEB24222E0DC4004E99A7 /* Info.plist */ = {isa = PBXFileReference; lastKnownFileType = text.plist.xml; path = Info.plist; sourceTree = "<group>"; };
		5CDAB16D22D4C3FC00CD63E1 /* UsageViewController.swift */ = {isa = PBXFileReference; lastKnownFileType = sourcecode.swift; path = UsageViewController.swift; sourceTree = "<group>"; };
		5CDAB17222D867B400CD63E1 /* ExampleViewController.swift */ = {isa = PBXFileReference; lastKnownFileType = sourcecode.swift; path = ExampleViewController.swift; sourceTree = "<group>"; };
		BC6D2271396FEE0A5270948B /* Pods_RxSwiftSimple.framework */ = {isa = PBXFileReference; explicitFileType = wrapper.framework; includeInIndex = 0; path = Pods_RxSwiftSimple.framework; sourceTree = BUILT_PRODUCTS_DIR; };
		D36134C8C73FFB7282AECB53 /* Pods-RxSwiftSimple.release.xcconfig */ = {isa = PBXFileReference; includeInIndex = 1; lastKnownFileType = text.xcconfig; name = "Pods-RxSwiftSimple.release.xcconfig"; path = "Pods/Target Support Files/Pods-RxSwiftSimple/Pods-RxSwiftSimple.release.xcconfig"; sourceTree = "<group>"; };
/* End PBXFileReference section */

/* Begin PBXFrameworksBuildPhase section */
		5C5EEB12222E0DB8004E99A7 /* Frameworks */ = {
			isa = PBXFrameworksBuildPhase;
			buildActionMask = 2147483647;
			files = (
				3DE72F175C1093017A532D99 /* Pods_RxSwiftSimple.framework in Frameworks */,
			);
			runOnlyForDeploymentPostprocessing = 0;
		};
/* End PBXFrameworksBuildPhase section */

/* Begin PBXGroup section */
		097710008CF9B7E7FD7F1AD2 /* Pods */ = {
			isa = PBXGroup;
			children = (
				2FF0A5E46B7227F598E56B10 /* Pods-RxSwiftSimple.debug.xcconfig */,
				D36134C8C73FFB7282AECB53 /* Pods-RxSwiftSimple.release.xcconfig */,
			);
			name = Pods;
			sourceTree = "<group>";
		};
		5C0237B5223F4917009CFAD1 /* System */ = {
			isa = PBXGroup;
			children = (
				5C5EEB18222E0DB8004E99A7 /* AppDelegate.swift */,
				5C5EEB1C222E0DB8004E99A7 /* Main.storyboard */,
				5C5EEB1F222E0DC4004E99A7 /* Assets.xcassets */,
				5C5EEB21222E0DC4004E99A7 /* LaunchScreen.storyboard */,
				5C5EEB24222E0DC4004E99A7 /* Info.plist */,
			);
			path = System;
			sourceTree = "<group>";
		};
		5C0237B6223F4936009CFAD1 /* Controller */ = {
			isa = PBXGroup;
			children = (
				5C5EEB1A222E0DB8004E99A7 /* ViewController.swift */,
				5CDAB17222D867B400CD63E1 /* ExampleViewController.swift */,
				5CDAB16D22D4C3FC00CD63E1 /* UsageViewController.swift */,
			);
			path = Controller;
			sourceTree = "<group>";
		};
		5C5EEB0C222E0DB8004E99A7 = {
			isa = PBXGroup;
			children = (
				5C5EEB17222E0DB8004E99A7 /* RxSwiftSimple */,
				5C5EEB16222E0DB8004E99A7 /* Products */,
				097710008CF9B7E7FD7F1AD2 /* Pods */,
				8AF03387C4996D0299B78E67 /* Frameworks */,
			);
			sourceTree = "<group>";
		};
		5C5EEB16222E0DB8004E99A7 /* Products */ = {
			isa = PBXGroup;
			children = (
				5C5EEB15222E0DB8004E99A7 /* RxSwiftSimple.app */,
			);
			name = Products;
			sourceTree = "<group>";
		};
		5C5EEB17222E0DB8004E99A7 /* RxSwiftSimple */ = {
			isa = PBXGroup;
			children = (
				5C0237B6223F4936009CFAD1 /* Controller */,
				5C0237B5223F4917009CFAD1 /* System */,
			);
			path = RxSwiftSimple;
			sourceTree = "<group>";
		};
		8AF03387C4996D0299B78E67 /* Frameworks */ = {
			isa = PBXGroup;
			children = (
				BC6D2271396FEE0A5270948B /* Pods_RxSwiftSimple.framework */,
			);
			name = Frameworks;
			sourceTree = "<group>";
		};
/* End PBXGroup section */

/* Begin PBXNativeTarget section */
		5C5EEB14222E0DB8004E99A7 /* RxSwiftSimple */ = {
			isa = PBXNativeTarget;
			buildConfigurationList = 5C5EEB27222E0DC4004E99A7 /* Build configuration list for PBXNativeTarget "RxSwiftSimple" */;
			buildPhases = (
				217462972A86C50DC5E7B81F /* [CP] Check Pods Manifest.lock */,
				5C5EEB11222E0DB8004E99A7 /* Sources */,
				5C5EEB12222E0DB8004E99A7 /* Frameworks */,
				5C5EEB13222E0DB8004E99A7 /* Resources */,
				F90B6B4EE06E690C66800D82 /* [CP] Embed Pods Frameworks */,
			);
			buildRules = (
			);
			dependencies = (
			);
			name = RxSwiftSimple;
			productName = RxSwiftSimple;
			productReference = 5C5EEB15222E0DB8004E99A7 /* RxSwiftSimple.app */;
			productType = "com.apple.product-type.application";
		};
/* End PBXNativeTarget section */

/* Begin PBXProject section */
		5C5EEB0D222E0DB8004E99A7 /* Project object */ = {
			isa = PBXProject;
			attributes = {
				LastSwiftUpdateCheck = 1010;
				LastUpgradeCheck = 1010;
				ORGANIZATIONNAME = QSP;
				TargetAttributes = {
					5C5EEB14222E0DB8004E99A7 = {
						CreatedOnToolsVersion = 10.1;
					};
				};
			};
			buildConfigurationList = 5C5EEB10222E0DB8004E99A7 /* Build configuration list for PBXProject "RxSwiftSimple" */;
			compatibilityVersion = "Xcode 9.3";
			developmentRegion = en;
			hasScannedForEncodings = 0;
			knownRegions = (
				en,
				Base,
			);
			mainGroup = 5C5EEB0C222E0DB8004E99A7;
			productRefGroup = 5C5EEB16222E0DB8004E99A7 /* Products */;
			projectDirPath = "";
			projectRoot = "";
			targets = (
				5C5EEB14222E0DB8004E99A7 /* RxSwiftSimple */,
			);
		};
/* End PBXProject section */

/* Begin PBXResourcesBuildPhase section */
		5C5EEB13222E0DB8004E99A7 /* Resources */ = {
			isa = PBXResourcesBuildPhase;
			buildActionMask = 2147483647;
			files = (
				5C5EEB23222E0DC4004E99A7 /* LaunchScreen.storyboard in Resources */,
				5C5EEB20222E0DC4004E99A7 /* Assets.xcassets in Resources */,
				5C5EEB1E222E0DB8004E99A7 /* Main.storyboard in Resources */,
			);
			runOnlyForDeploymentPostprocessing = 0;
		};
/* End PBXResourcesBuildPhase section */

/* Begin PBXShellScriptBuildPhase section */
		217462972A86C50DC5E7B81F /* [CP] Check Pods Manifest.lock */ = {
			isa = PBXShellScriptBuildPhase;
			buildActionMask = 2147483647;
			files = (
			);
			inputFileListPaths = (
			);
			inputPaths = (
				"${PODS_PODFILE_DIR_PATH}/Podfile.lock",
				"${PODS_ROOT}/Manifest.lock",
			);
			name = "[CP] Check Pods Manifest.lock";
			outputFileListPaths = (
			);
			outputPaths = (
				"$(DERIVED_FILE_DIR)/Pods-RxSwiftSimple-checkManifestLockResult.txt",
			);
			runOnlyForDeploymentPostprocessing = 0;
			shellPath = /bin/sh;
			shellScript = "diff \"${PODS_PODFILE_DIR_PATH}/Podfile.lock\" \"${PODS_ROOT}/Manifest.lock\" > /dev/null\nif [ $? != 0 ] ; then\n    # print error to STDERR\n    echo \"error: The sandbox is not in sync with the Podfile.lock. Run 'pod install' or update your CocoaPods installation.\" >&2\n    exit 1\nfi\n# This output is used by Xcode 'outputs' to avoid re-running this script phase.\necho \"SUCCESS\" > \"${SCRIPT_OUTPUT_FILE_0}\"\n";
			showEnvVarsInLog = 0;
		};
		F90B6B4EE06E690C66800D82 /* [CP] Embed Pods Frameworks */ = {
			isa = PBXShellScriptBuildPhase;
			buildActionMask = 2147483647;
			files = (
			);
			inputFileListPaths = (
			);
			inputPaths = (
				"${SRCROOT}/Pods/Target Support Files/Pods-RxSwiftSimple/Pods-RxSwiftSimple-frameworks.sh",
				"${BUILT_PRODUCTS_DIR}/NVActivityIndicatorView/NVActivityIndicatorView.framework",
				"${BUILT_PRODUCTS_DIR}/RxCocoa/RxCocoa.framework",
				"${BUILT_PRODUCTS_DIR}/RxRelay/RxRelay.framework",
				"${BUILT_PRODUCTS_DIR}/RxSwift/RxSwift.framework",
				"${BUILT_PRODUCTS_DIR}/SnapKit/SnapKit.framework",
			);
			name = "[CP] Embed Pods Frameworks";
			outputFileListPaths = (
			);
			outputPaths = (
				"${TARGET_BUILD_DIR}/${FRAMEWORKS_FOLDER_PATH}/NVActivityIndicatorView.framework",
				"${TARGET_BUILD_DIR}/${FRAMEWORKS_FOLDER_PATH}/RxCocoa.framework",
				"${TARGET_BUILD_DIR}/${FRAMEWORKS_FOLDER_PATH}/RxRelay.framework",
				"${TARGET_BUILD_DIR}/${FRAMEWORKS_FOLDER_PATH}/RxSwift.framework",
				"${TARGET_BUILD_DIR}/${FRAMEWORKS_FOLDER_PATH}/SnapKit.framework",
			);
			runOnlyForDeploymentPostprocessing = 0;
			shellPath = /bin/sh;
			shellScript = "\"${SRCROOT}/Pods/Target Support Files/Pods-RxSwiftSimple/Pods-RxSwiftSimple-frameworks.sh\"\n";
			showEnvVarsInLog = 0;
		};
/* End PBXShellScriptBuildPhase section */

/* Begin PBXSourcesBuildPhase section */
		5C5EEB11222E0DB8004E99A7 /* Sources */ = {
			isa = PBXSourcesBuildPhase;
			buildActionMask = 2147483647;
			files = (
				5C5EEB1B222E0DB8004E99A7 /* ViewController.swift in Sources */,
				5C5EEB19222E0DB8004E99A7 /* AppDelegate.swift in Sources */,
				5CDAB17322D867B500CD63E1 /* ExampleViewController.swift in Sources */,
				5CDAB16E22D4C3FD00CD63E1 /* UsageViewController.swift in Sources */,
			);
			runOnlyForDeploymentPostprocessing = 0;
		};
/* End PBXSourcesBuildPhase section */

/* Begin PBXVariantGroup section */
		5C5EEB1C222E0DB8004E99A7 /* Main.storyboard */ = {
			isa = PBXVariantGroup;
			children = (
				5C5EEB1D222E0DB8004E99A7 /* Base */,
			);
			name = Main.storyboard;
			sourceTree = "<group>";
		};
		5C5EEB21222E0DC4004E99A7 /* LaunchScreen.storyboard */ = {
			isa = PBXVariantGroup;
			children = (
				5C5EEB22222E0DC4004E99A7 /* Base */,
			);
			name = LaunchScreen.storyboard;
			sourceTree = "<group>";
		};
/* End PBXVariantGroup section */

/* Begin XCBuildConfiguration section */
		5C5EEB25222E0DC4004E99A7 /* Debug */ = {
			isa = XCBuildConfiguration;
			buildSettings = {
				ALWAYS_SEARCH_USER_PATHS = NO;
				CLANG_ANALYZER_NONNULL = YES;
				CLANG_ANALYZER_NUMBER_OBJECT_CONVERSION = YES_AGGRESSIVE;
				CLANG_CXX_LANGUAGE_STANDARD = "gnu++14";
				CLANG_CXX_LIBRARY = "libc++";
				CLANG_ENABLE_MODULES = YES;
				CLANG_ENABLE_OBJC_ARC = YES;
				CLANG_ENABLE_OBJC_WEAK = YES;
				CLANG_WARN_BLOCK_CAPTURE_AUTORELEASING = YES;
				CLANG_WARN_BOOL_CONVERSION = YES;
				CLANG_WARN_COMMA = YES;
				CLANG_WARN_CONSTANT_CONVERSION = YES;
				CLANG_WARN_DEPRECATED_OBJC_IMPLEMENTATIONS = YES;
				CLANG_WARN_DIRECT_OBJC_ISA_USAGE = YES_ERROR;
				CLANG_WARN_DOCUMENTATION_COMMENTS = YES;
				CLANG_WARN_EMPTY_BODY = YES;
				CLANG_WARN_ENUM_CONVERSION = YES;
				CLANG_WARN_INFINITE_RECURSION = YES;
				CLANG_WARN_INT_CONVERSION = YES;
				CLANG_WARN_NON_LITERAL_NULL_CONVERSION = YES;
				CLANG_WARN_OBJC_IMPLICIT_RETAIN_SELF = YES;
				CLANG_WARN_OBJC_LITERAL_CONVERSION = YES;
				CLANG_WARN_OBJC_ROOT_CLASS = YES_ERROR;
				CLANG_WARN_RANGE_LOOP_ANALYSIS = YES;
				CLANG_WARN_STRICT_PROTOTYPES = YES;
				CLANG_WARN_SUSPICIOUS_MOVE = YES;
				CLANG_WARN_UNGUARDED_AVAILABILITY = YES_AGGRESSIVE;
				CLANG_WARN_UNREACHABLE_CODE = YES;
				CLANG_WARN__DUPLICATE_METHOD_MATCH = YES;
				CODE_SIGN_IDENTITY = "iPhone Developer";
				COPY_PHASE_STRIP = NO;
				DEBUG_INFORMATION_FORMAT = dwarf;
				ENABLE_STRICT_OBJC_MSGSEND = YES;
				ENABLE_TESTABILITY = YES;
				GCC_C_LANGUAGE_STANDARD = gnu11;
				GCC_DYNAMIC_NO_PIC = NO;
				GCC_NO_COMMON_BLOCKS = YES;
				GCC_OPTIMIZATION_LEVEL = 0;
				GCC_PREPROCESSOR_DEFINITIONS = (
					"DEBUG=1",
					"$(inherited)",
				);
				GCC_WARN_64_TO_32_BIT_CONVERSION = YES;
				GCC_WARN_ABOUT_RETURN_TYPE = YES_ERROR;
				GCC_WARN_UNDECLARED_SELECTOR = YES;
				GCC_WARN_UNINITIALIZED_AUTOS = YES_AGGRESSIVE;
				GCC_WARN_UNUSED_FUNCTION = YES;
				GCC_WARN_UNUSED_VARIABLE = YES;
				IPHONEOS_DEPLOYMENT_TARGET = 12.1;
				MTL_ENABLE_DEBUG_INFO = INCLUDE_SOURCE;
				MTL_FAST_MATH = YES;
				ONLY_ACTIVE_ARCH = YES;
				SDKROOT = iphoneos;
				SWIFT_ACTIVE_COMPILATION_CONDITIONS = DEBUG;
				SWIFT_OPTIMIZATION_LEVEL = "-Onone";
			};
			name = Debug;
		};
		5C5EEB26222E0DC4004E99A7 /* Release */ = {
			isa = XCBuildConfiguration;
			buildSettings = {
				ALWAYS_SEARCH_USER_PATHS = NO;
				CLANG_ANALYZER_NONNULL = YES;
				CLANG_ANALYZER_NUMBER_OBJECT_CONVERSION = YES_AGGRESSIVE;
				CLANG_CXX_LANGUAGE_STANDARD = "gnu++14";
				CLANG_CXX_LIBRARY = "libc++";
				CLANG_ENABLE_MODULES = YES;
				CLANG_ENABLE_OBJC_ARC = YES;
				CLANG_ENABLE_OBJC_WEAK = YES;
				CLANG_WARN_BLOCK_CAPTURE_AUTORELEASING = YES;
				CLANG_WARN_BOOL_CONVERSION = YES;
				CLANG_WARN_COMMA = YES;
				CLANG_WARN_CONSTANT_CONVERSION = YES;
				CLANG_WARN_DEPRECATED_OBJC_IMPLEMENTATIONS = YES;
				CLANG_WARN_DIRECT_OBJC_ISA_USAGE = YES_ERROR;
				CLANG_WARN_DOCUMENTATION_COMMENTS = YES;
				CLANG_WARN_EMPTY_BODY = YES;
				CLANG_WARN_ENUM_CONVERSION = YES;
				CLANG_WARN_INFINITE_RECURSION = YES;
				CLANG_WARN_INT_CONVERSION = YES;
				CLANG_WARN_NON_LITERAL_NULL_CONVERSION = YES;
				CLANG_WARN_OBJC_IMPLICIT_RETAIN_SELF = YES;
				CLANG_WARN_OBJC_LITERAL_CONVERSION = YES;
				CLANG_WARN_OBJC_ROOT_CLASS = YES_ERROR;
				CLANG_WARN_RANGE_LOOP_ANALYSIS = YES;
				CLANG_WARN_STRICT_PROTOTYPES = YES;
				CLANG_WARN_SUSPICIOUS_MOVE = YES;
				CLANG_WARN_UNGUARDED_AVAILABILITY = YES_AGGRESSIVE;
				CLANG_WARN_UNREACHABLE_CODE = YES;
				CLANG_WARN__DUPLICATE_METHOD_MATCH = YES;
				CODE_SIGN_IDENTITY = "iPhone Developer";
				COPY_PHASE_STRIP = NO;
				DEBUG_INFORMATION_FORMAT = "dwarf-with-dsym";
				ENABLE_NS_ASSERTIONS = NO;
				ENABLE_STRICT_OBJC_MSGSEND = YES;
				GCC_C_LANGUAGE_STANDARD = gnu11;
				GCC_NO_COMMON_BLOCKS = YES;
				GCC_WARN_64_TO_32_BIT_CONVERSION = YES;
				GCC_WARN_ABOUT_RETURN_TYPE = YES_ERROR;
				GCC_WARN_UNDECLARED_SELECTOR = YES;
				GCC_WARN_UNINITIALIZED_AUTOS = YES_AGGRESSIVE;
				GCC_WARN_UNUSED_FUNCTION = YES;
				GCC_WARN_UNUSED_VARIABLE = YES;
				IPHONEOS_DEPLOYMENT_TARGET = 12.1;
				MTL_ENABLE_DEBUG_INFO = NO;
				MTL_FAST_MATH = YES;
				ONLY_ACTIVE_ARCH = NO;
				SDKROOT = iphoneos;
				SWIFT_COMPILATION_MODE = wholemodule;
				SWIFT_OPTIMIZATION_LEVEL = "-O";
				VALIDATE_PRODUCT = YES;
			};
			name = Release;
		};
		5C5EEB28222E0DC4004E99A7 /* Debug */ = {
			isa = XCBuildConfiguration;
			baseConfigurationReference = 2FF0A5E46B7227F598E56B10 /* Pods-RxSwiftSimple.debug.xcconfig */;
			buildSettings = {
				ASSETCATALOG_COMPILER_APPICON_NAME = AppIcon;
				CODE_SIGN_STYLE = Automatic;
				INFOPLIST_FILE = RxSwiftSimple/System/Info.plist;
				LD_RUNPATH_SEARCH_PATHS = (
					"$(inherited)",
					"@executable_path/Frameworks",
				);
				OTHER_SWIFT_FLAGS = "$(inherited) \"-D\" \"COCOAPODS\"";
				PRODUCT_BUNDLE_IDENTIFIER = com.iapppay.RxSwiftSimple;
				PRODUCT_NAME = "$(TARGET_NAME)";
				SWIFT_VERSION = 4.2;
				TARGETED_DEVICE_FAMILY = "1,2";
			};
			name = Debug;
		};
		5C5EEB29222E0DC4004E99A7 /* Release */ = {
			isa = XCBuildConfiguration;
			baseConfigurationReference = D36134C8C73FFB7282AECB53 /* Pods-RxSwiftSimple.release.xcconfig */;
			buildSettings = {
				ASSETCATALOG_COMPILER_APPICON_NAME = AppIcon;
				CODE_SIGN_STYLE = Automatic;
				INFOPLIST_FILE = RxSwiftSimple/System/Info.plist;
				LD_RUNPATH_SEARCH_PATHS = (
					"$(inherited)",
					"@executable_path/Frameworks",
				);
				PRODUCT_BUNDLE_IDENTIFIER = com.iapppay.RxSwiftSimple;
				PRODUCT_NAME = "$(TARGET_NAME)";
				SWIFT_VERSION = 4.2;
				TARGETED_DEVICE_FAMILY = "1,2";
			};
			name = Release;
		};
/* End XCBuildConfiguration section */

/* Begin XCConfigurationList section */
		5C5EEB10222E0DB8004E99A7 /* Build configuration list for PBXProject "RxSwiftSimple" */ = {
			isa = XCConfigurationList;
			buildConfigurations = (
				5C5EEB25222E0DC4004E99A7 /* Debug */,
				5C5EEB26222E0DC4004E99A7 /* Release */,
			);
			defaultConfigurationIsVisible = 0;
			defaultConfigurationName = Release;
		};
		5C5EEB27222E0DC4004E99A7 /* Build configuration list for PBXNativeTarget "RxSwiftSimple" */ = {
			isa = XCConfigurationList;
			buildConfigurations = (
				5C5EEB28222E0DC4004E99A7 /* Debug */,
				5C5EEB29222E0DC4004E99A7 /* Release */,
			);
			defaultConfigurationIsVisible = 0;
			defaultConfigurationName = Release;
		};
/* End XCConfigurationList section */
	};
	rootObject = 5C5EEB0D222E0DB8004E99A7 /* Project object */;
}
